
Microsoft Visual Studio Solution File, Format Version 12.00
# Visual Studio Version 16
VisualStudioVersion = 16.0.29926.136
MinimumVisualStudioVersion = 10.0.40219.1
Project("{9A19103F-16F7-4668-BE54-9A1E7A4F7556}") = "TelegramBot", "TelegramBot\TelegramBot.csproj", "{3B4CE1DE-A6FA-4C6A-A634-D30FEE220797}"
EndProject
Project("{9A19103F-16F7-4668-BE54-9A1E7A4F7556}") = "TelegramBot.DAL", "TelegramBot.DAL\TelegramBot.DAL.csproj", "{22588AF1-E263-449B-803D-AEB614E3ECAC}"
EndProject
Project("{9A19103F-16F7-4668-BE54-9A1E7A4F7556}") = "TelegramBot.BLL", "TelegramBot.BLL\TelegramBot.BLL.csproj", "{FB978BC6-86D7-4619-90AF-7D46DB10878C}"
EndProject
Project("{9A19103F-16F7-4668-BE54-9A1E7A4F7556}") = "TelegramBot.Common", "TelegramBot.Common\TelegramBot.Common.csproj", "{4A6E30CF-EDA2-4849-B2DE-0F0A41534D40}"
EndProject
Global
	GlobalSection(SolutionConfigurationPlatforms) = preSolution
		Debug|Any CPU = Debug|Any CPU
		Release|Any CPU = Release|Any CPU
	EndGlobalSection
	GlobalSection(ProjectConfigurationPlatforms) = postSolution
		{3B4CE1DE-A6FA-4C6A-A634-D30FEE220797}.Debug|Any CPU.ActiveCfg = Debug|Any CPU
		{3B4CE1DE-A6FA-4C6A-A634-D30FEE220797}.Debug|Any CPU.Build.0 = Debug|Any CPU
		{3B4CE1DE-A6FA-4C6A-A634-D30FEE220797}.Release|Any CPU.ActiveCfg = Release|Any CPU
		{3B4CE1DE-A6FA-4C6A-A634-D30FEE220797}.Release|Any CPU.Build.0 = Release|Any CPU
		{22588AF1-E263-449B-803D-AEB614E3ECAC}.Debug|Any CPU.ActiveCfg = Debug|Any CPU
		{22588AF1-E263-449B-803D-AEB614E3ECAC}.Debug|Any CPU.Build.0 = Debug|Any CPU
		{22588AF1-E263-449B-803D-AEB614E3ECAC}.Release|Any CPU.ActiveCfg = Release|Any CPU
		{22588AF1-E263-449B-803D-AEB614E3ECAC}.Release|Any CPU.Build.0 = Release|Any CPU
		{FB978BC6-86D7-4619-90AF-7D46DB10878C}.Debug|Any CPU.ActiveCfg = Debug|Any CPU
		{FB978BC6-86D7-4619-90AF-7D46DB10878C}.Debug|Any CPU.Build.0 = Debug|Any CPU
		{FB978BC6-86D7-4619-90AF-7D46DB10878C}.Release|Any CPU.ActiveCfg = Release|Any CPU
		{FB978BC6-86D7-4619-90AF-7D46DB10878C}.Release|Any CPU.Build.0 = Release|Any CPU
		{4A6E30CF-EDA2-4849-B2DE-0F0A41534D40}.Debug|Any CPU.ActiveCfg = Debug|Any CPU
		{4A6E30CF-EDA2-4849-B2DE-0F0A41534D40}.Debug|Any CPU.Build.0 = Debug|Any CPU
		{4A6E30CF-EDA2-4849-B2DE-0F0A41534D40}.Release|Any CPU.ActiveCfg = Release|Any CPU
		{4A6E30CF-EDA2-4849-B2DE-0F0A41534D40}.Release|Any CPU.Build.0 = Release|Any CPU
	EndGlobalSection
	GlobalSection(SolutionProperties) = preSolution
		HideSolutionNode = FALSE
	EndGlobalSection
	GlobalSection(ExtensibilityGlobals) = postSolution
		SolutionGuid = {5C1A66C8-EF65-430D-A72E-5B5116906C63}
	EndGlobalSection
EndGlobal
